Microsoft Visual Studio Solution File, Format Version 12.00
# Visual Studio Version 17
VisualStudioVersion = 17.12.35521.163
MinimumVisualStudioVersion = 10.0.40219.1
Project("{FAE04EC0-301F-11D3-BF4B-00C04F79EFBC}") = "Day01", "Day01\Day01.csproj", "{C1548456-7AD5-482C-978B-521D244D7D9E}"
EndProject
Project("{FAE04EC0-301F-11D3-BF4B-00C04F79EFBC}") = "Core", "Core\Core.csproj", "{7AA932D8-AE8C-4295-B076-8AE6781EB8A2}"
EndProject
Project("{FAE04EC0-301F-11D3-BF4B-00C04F79EFBC}") = "Day02", "Day02\Day02.csproj", "{585FE007-D8DF-4154-9360-8D20C94E97D8}"
EndProject
Project("{FAE04EC0-301F-11D3-BF4B-00C04F79EFBC}") = "Day03", "Day03\Day03.csproj", "{C263B283-B280-4EFF-A962-3E96C7D5ACBB}"
EndProject
Project("{FAE04EC0-301F-11D3-BF4B-00C04F79EFBC}") = "Day04", "Day04\Day04.csproj", "{E6768BAA-9B0E-4B20-B426-80E4E2C08155}"
EndProject
Project("{FAE04EC0-301F-11D3-BF4B-00C04F79EFBC}") = "Day05", "Day05\Day05.csproj", "{4C257A08-5A3F-4685-8529-2183CBA2DCB0}"
EndProject
Project("{FAE04EC0-301F-11D3-BF4B-00C04F79EFBC}") = "Day06", "Day06\Day06.csproj", "{E9E34177-FBE0-4861-A022-030CE5E45EF1}"
EndProject
Project("{FAE04EC0-301F-11D3-BF4B-00C04F79EFBC}") = "Day07", "Day07\Day07.csproj", "{BB6113C5-8ABE-4542-8F7C-82191E764010}"
EndProject
Project("{FAE04EC0-301F-11D3-BF4B-00C04F79EFBC}") = "Day08", "Day08\Day08.csproj", "{16775E51-8EF0-47C8-B575-162CA322B94C}"
EndProject
Project("{FAE04EC0-301F-11D3-BF4B-00C04F79EFBC}") = "Day09", "Day09\Day09.csproj", "{D8AE049C-F959-4432-A3E1-DC5801869720}"
EndProject
Project("{FAE04EC0-301F-11D3-BF4B-00C04F79EFBC}") = "Day10", "Day10\Day10.csproj", "{772218FA-4CBC-43EA-A9A9-C40F4EEE25B1}"
EndProject
Project("{FAE04EC0-301F-11D3-BF4B-00C04F79EFBC}") = "Day11", "Day11\Day11.csproj", "{32AAAF70-4760-4A50-B1FB-DCE93E0A99F2}"
EndProject
Project("{FAE04EC0-301F-11D3-BF4B-00C04F79EFBC}") = "Day12", "Day12\Day12.csproj", "{1524D18E-7FD4-4E8B-BC4A-C7898C6195EF}"
EndProject
Project("{FAE04EC0-301F-11D3-BF4B-00C04F79EFBC}") = "Day13", "Day13\Day13.csproj", "{7D985F4E-450E-4032-AF9D-9662C9FD2662}"
EndProject
Global
	GlobalSection(SolutionConfigurationPlatforms) = preSolution
		Debug|Any CPU = Debug|Any CPU
		Release|Any CPU = Release|Any CPU
	EndGlobalSection
	GlobalSection(ProjectConfigurationPlatforms) = postSolution
		{C1548456-7AD5-482C-978B-521D244D7D9E}.Debug|Any CPU.ActiveCfg = Debug|Any CPU
		{C1548456-7AD5-482C-978B-521D244D7D9E}.Debug|Any CPU.Build.0 = Debug|Any CPU
		{C1548456-7AD5-482C-978B-521D244D7D9E}.Release|Any CPU.ActiveCfg = Release|Any CPU
		{C1548456-7AD5-482C-978B-521D244D7D9E}.Release|Any CPU.Build.0 = Release|Any CPU
		{7AA932D8-AE8C-4295-B076-8AE6781EB8A2}.Debug|Any CPU.ActiveCfg = Debug|Any CPU
		{7AA932D8-AE8C-4295-B076-8AE6781EB8A2}.Debug|Any CPU.Build.0 = Debug|Any CPU
		{7AA932D8-AE8C-4295-B076-8AE6781EB8A2}.Release|Any CPU.ActiveCfg = Release|Any CPU
		{7AA932D8-AE8C-4295-B076-8AE6781EB8A2}.Release|Any CPU.Build.0 = Release|Any CPU
		{585FE007-D8DF-4154-9360-8D20C94E97D8}.Debug|Any CPU.ActiveCfg = Debug|Any CPU
		{585FE007-D8DF-4154-9360-8D20C94E97D8}.Debug|Any CPU.Build.0 = Debug|Any CPU
		{585FE007-D8DF-4154-9360-8D20C94E97D8}.Release|Any CPU.ActiveCfg = Release|Any CPU
		{585FE007-D8DF-4154-9360-8D20C94E97D8}.Release|Any CPU.Build.0 = Release|Any CPU
		{C263B283-B280-4EFF-A962-3E96C7D5ACBB}.Debug|Any CPU.ActiveCfg = Debug|Any CPU
		{C263B283-B280-4EFF-A962-3E96C7D5ACBB}.Debug|Any CPU.Build.0 = Debug|Any CPU
		{C263B283-B280-4EFF-A962-3E96C7D5ACBB}.Release|Any CPU.ActiveCfg = Release|Any CPU
		{C263B283-B280-4EFF-A962-3E96C7D5ACBB}.Release|Any CPU.Build.0 = Release|Any CPU
		{E6768BAA-9B0E-4B20-B426-80E4E2C08155}.Debug|Any CPU.ActiveCfg = Debug|Any CPU
		{E6768BAA-9B0E-4B20-B426-80E4E2C08155}.Debug|Any CPU.Build.0 = Debug|Any CPU
		{E6768BAA-9B0E-4B20-B426-80E4E2C08155}.Release|Any CPU.ActiveCfg = Release|Any CPU
		{E6768BAA-9B0E-4B20-B426-80E4E2C08155}.Release|Any CPU.Build.0 = Release|Any CPU
		{4C257A08-5A3F-4685-8529-2183CBA2DCB0}.Debug|Any CPU.ActiveCfg = Debug|Any CPU
		{4C257A08-5A3F-4685-8529-2183CBA2DCB0}.Debug|Any CPU.Build.0 = Debug|Any CPU
		{4C257A08-5A3F-4685-8529-2183CBA2DCB0}.Release|Any CPU.ActiveCfg = Release|Any CPU
		{4C257A08-5A3F-4685-8529-2183CBA2DCB0}.Release|Any CPU.Build.0 = Release|Any CPU
		{E9E34177-FBE0-4861-A022-030CE5E45EF1}.Debug|Any CPU.ActiveCfg = Debug|Any CPU
		{E9E34177-FBE0-4861-A022-030CE5E45EF1}.Debug|Any CPU.Build.0 = Debug|Any CPU
		{E9E34177-FBE0-4861-A022-030CE5E45EF1}.Release|Any CPU.ActiveCfg = Release|Any CPU
		{E9E34177-FBE0-4861-A022-030CE5E45EF1}.Release|Any CPU.Build.0 = Release|Any CPU
		{BB6113C5-8ABE-4542-8F7C-82191E764010}.Debug|Any CPU.ActiveCfg = Debug|Any CPU
		{BB6113C5-8ABE-4542-8F7C-82191E764010}.Debug|Any CPU.Build.0 = Debug|Any CPU
		{BB6113C5-8ABE-4542-8F7C-82191E764010}.Release|Any CPU.ActiveCfg = Release|Any CPU
		{BB6113C5-8ABE-4542-8F7C-82191E764010}.Release|Any CPU.Build.0 = Release|Any CPU
		{16775E51-8EF0-47C8-B575-162CA322B94C}.Debug|Any CPU.ActiveCfg = Debug|Any CPU
		{16775E51-8EF0-47C8-B575-162CA322B94C}.Debug|Any CPU.Build.0 = Debug|Any CPU
		{16775E51-8EF0-47C8-B575-162CA322B94C}.Release|Any CPU.ActiveCfg = Release|Any CPU
		{16775E51-8EF0-47C8-B575-162CA322B94C}.Release|Any CPU.Build.0 = Release|Any CPU
		{D8AE049C-F959-4432-A3E1-DC5801869720}.Debug|Any CPU.ActiveCfg = Debug|Any CPU
		{D8AE049C-F959-4432-A3E1-DC5801869720}.Debug|Any CPU.Build.0 = Debug|Any CPU
		{D8AE049C-F959-4432-A3E1-DC5801869720}.Release|Any CPU.ActiveCfg = Release|Any CPU
		{D8AE049C-F959-4432-A3E1-DC5801869720}.Release|Any CPU.Build.0 = Release|Any CPU
		{772218FA-4CBC-43EA-A9A9-C40F4EEE25B1}.Debug|Any CPU.ActiveCfg = Debug|Any CPU
		{772218FA-4CBC-43EA-A9A9-C40F4EEE25B1}.Debug|Any CPU.Build.0 = Debug|Any CPU
		{772218FA-4CBC-43EA-A9A9-C40F4EEE25B1}.Release|Any CPU.ActiveCfg = Release|Any CPU
		{772218FA-4CBC-43EA-A9A9-C40F4EEE25B1}.Release|Any CPU.Build.0 = Release|Any CPU
		{32AAAF70-4760-4A50-B1FB-DCE93E0A99F2}.Debug|Any CPU.ActiveCfg = Debug|Any CPU
		{32AAAF70-4760-4A50-B1FB-DCE93E0A99F2}.Debug|Any CPU.Build.0 = Debug|Any CPU
		{32AAAF70-4760-4A50-B1FB-DCE93E0A99F2}.Release|Any CPU.ActiveCfg = Release|Any CPU
		{32AAAF70-4760-4A50-B1FB-DCE93E0A99F2}.Release|Any CPU.Build.0 = Release|Any CPU
		{1524D18E-7FD4-4E8B-BC4A-C7898C6195EF}.Debug|Any CPU.ActiveCfg = Debug|Any CPU
		{1524D18E-7FD4-4E8B-BC4A-C7898C6195EF}.Debug|Any CPU.Build.0 = Debug|Any CPU
		{1524D18E-7FD4-4E8B-BC4A-C7898C6195EF}.Release|Any CPU.ActiveCfg = Release|Any CPU
		{1524D18E-7FD4-4E8B-BC4A-C7898C6195EF}.Release|Any CPU.Build.0 = Release|Any CPU
		{7D985F4E-450E-4032-AF9D-9662C9FD2662}.Debug|Any CPU.ActiveCfg = Debug|Any CPU
		{7D985F4E-450E-4032-AF9D-9662C9FD2662}.Debug|Any CPU.Build.0 = Debug|Any CPU
		{7D985F4E-450E-4032-AF9D-9662C9FD2662}.Release|Any CPU.ActiveCfg = Release|Any CPU
		{7D985F4E-450E-4032-AF9D-9662C9FD2662}.Release|Any CPU.Build.0 = Release|Any CPU
	EndGlobalSection
	GlobalSection(SolutionProperties) = preSolution
		HideSolutionNode = FALSE
	EndGlobalSection
EndGlobal
