
Microsoft Visual Studio Solution File, Format Version 12.00
# Visual Studio Version 17
VisualStudioVersion = 17.5.002.0
MinimumVisualStudioVersion = 10.0.40219.1
Project("{9A19103F-16F7-4668-BE54-9A1E7A4F7556}") = "Core", "Core\Core.csproj", "{AD2E42A8-E8A0-4B9E-B89B-8850297E5C21}"
EndProject
Project("{9A19103F-16F7-4668-BE54-9A1E7A4F7556}") = "Day01", "Day01\Day01.csproj", "{1738921E-86CB-42EC-9AB1-67C32310AB26}"
EndProject
Project("{9A19103F-16F7-4668-BE54-9A1E7A4F7556}") = "Day02", "Day02\Day02.csproj", "{AFBD1F12-3446-4263-A6A3-635954B4D868}"
EndProject
Project("{9A19103F-16F7-4668-BE54-9A1E7A4F7556}") = "Day03", "Day03\Day03.csproj", "{AC1285E0-B858-417D-B9AC-AD594CEA5F2D}"
EndProject
Project("{9A19103F-16F7-4668-BE54-9A1E7A4F7556}") = "Day04", "Day04\Day04.csproj", "{6A15E673-C76D-449E-92EA-787B45907A7C}"
EndProject
Project("{9A19103F-16F7-4668-BE54-9A1E7A4F7556}") = "Day05", "Day05\Day05.csproj", "{217FD53C-D976-4E86-AD30-AC6FCA0DFB17}"
EndProject
Project("{9A19103F-16F7-4668-BE54-9A1E7A4F7556}") = "Day06", "Day06\Day06.csproj", "{D0ACC587-C0A1-4B9D-A099-F222E8DBACB5}"
EndProject
Project("{9A19103F-16F7-4668-BE54-9A1E7A4F7556}") = "Day07", "Day07\Day07.csproj", "{DB0D5FCD-72CC-43E7-BF82-36BDD66641AB}"
EndProject
Project("{9A19103F-16F7-4668-BE54-9A1E7A4F7556}") = "Day08", "Day08\Day08.csproj", "{587B04A8-860E-4FA2-B84D-3A710E457159}"
EndProject
Project("{9A19103F-16F7-4668-BE54-9A1E7A4F7556}") = "Day09", "Day09\Day09.csproj", "{9EC4A05C-A32C-4360-94AF-4FA4D22B2417}"
EndProject
Project("{9A19103F-16F7-4668-BE54-9A1E7A4F7556}") = "Day10", "Day10\Day10.csproj", "{4EE5CD21-B002-4B6A-9A6C-9E01A693CB41}"
EndProject
Project("{9A19103F-16F7-4668-BE54-9A1E7A4F7556}") = "Day11", "Day11\Day11.csproj", "{45E55EF6-3C7C-425A-A2D7-06DC58FCE69E}"
EndProject
Project("{9A19103F-16F7-4668-BE54-9A1E7A4F7556}") = "Day12", "Day12\Day12.csproj", "{34AB0906-4D7F-4062-8520-B680B12EC29D}"
EndProject
Project("{9A19103F-16F7-4668-BE54-9A1E7A4F7556}") = "Day13", "Day13\Day13.csproj", "{2115C67E-2E3F-449F-BAD9-238C86061D54}"
EndProject
Project("{9A19103F-16F7-4668-BE54-9A1E7A4F7556}") = "Day14", "Day14\Day14.csproj", "{FBED6104-2892-409D-AE13-3B57E45E30C3}"
EndProject
Project("{9A19103F-16F7-4668-BE54-9A1E7A4F7556}") = "Day15", "Day15\Day15.csproj", "{3FFB89F2-0475-4025-BB34-1CF4EBA6F0FC}"
EndProject
Project("{9A19103F-16F7-4668-BE54-9A1E7A4F7556}") = "Day16", "Day16\Day16.csproj", "{7E8886E4-D80B-4BFC-A9B1-450FB47E69B7}"
EndProject
Project("{9A19103F-16F7-4668-BE54-9A1E7A4F7556}") = "Day17", "Day17\Day17.csproj", "{258C0DB4-7F44-44E6-B3E9-5C4E32FBACD4}"
EndProject
Project("{9A19103F-16F7-4668-BE54-9A1E7A4F7556}") = "Day19", "Day19\Day19.csproj", "{0DD14B97-4DB0-446A-8603-E213F31DDA36}"
EndProject
Project("{9A19103F-16F7-4668-BE54-9A1E7A4F7556}") = "Day22", "Day22\Day22.csproj", "{E7CCF9BA-15E7-4EA9-8625-935B6E741637}"
EndProject
Project("{9A19103F-16F7-4668-BE54-9A1E7A4F7556}") = "Day23", "Day23\Day23.csproj", "{2B0087F6-77B4-4AAA-AE7C-5DF5DCCD331B}"
EndProject
Project("{9A19103F-16F7-4668-BE54-9A1E7A4F7556}") = "Day24", "Day24\Day24.csproj", "{6A6BEC5E-1E17-4048-811A-E41654D5349D}"
EndProject
Global
	GlobalSection(SolutionConfigurationPlatforms) = preSolution
		Debug|Any CPU = Debug|Any CPU
		Release|Any CPU = Release|Any CPU
	EndGlobalSection
	GlobalSection(ProjectConfigurationPlatforms) = postSolution
		{AD2E42A8-E8A0-4B9E-B89B-8850297E5C21}.Debug|Any CPU.ActiveCfg = Debug|Any CPU
		{AD2E42A8-E8A0-4B9E-B89B-8850297E5C21}.Debug|Any CPU.Build.0 = Debug|Any CPU
		{AD2E42A8-E8A0-4B9E-B89B-8850297E5C21}.Release|Any CPU.ActiveCfg = Release|Any CPU
		{AD2E42A8-E8A0-4B9E-B89B-8850297E5C21}.Release|Any CPU.Build.0 = Release|Any CPU
		{1738921E-86CB-42EC-9AB1-67C32310AB26}.Debug|Any CPU.ActiveCfg = Debug|Any CPU
		{1738921E-86CB-42EC-9AB1-67C32310AB26}.Debug|Any CPU.Build.0 = Debug|Any CPU
		{1738921E-86CB-42EC-9AB1-67C32310AB26}.Release|Any CPU.ActiveCfg = Release|Any CPU
		{1738921E-86CB-42EC-9AB1-67C32310AB26}.Release|Any CPU.Build.0 = Release|Any CPU
		{AFBD1F12-3446-4263-A6A3-635954B4D868}.Debug|Any CPU.ActiveCfg = Debug|Any CPU
		{AFBD1F12-3446-4263-A6A3-635954B4D868}.Debug|Any CPU.Build.0 = Debug|Any CPU
		{AFBD1F12-3446-4263-A6A3-635954B4D868}.Release|Any CPU.ActiveCfg = Release|Any CPU
		{AFBD1F12-3446-4263-A6A3-635954B4D868}.Release|Any CPU.Build.0 = Release|Any CPU
		{AC1285E0-B858-417D-B9AC-AD594CEA5F2D}.Debug|Any CPU.ActiveCfg = Debug|Any CPU
		{AC1285E0-B858-417D-B9AC-AD594CEA5F2D}.Debug|Any CPU.Build.0 = Debug|Any CPU
		{AC1285E0-B858-417D-B9AC-AD594CEA5F2D}.Release|Any CPU.ActiveCfg = Release|Any CPU
		{AC1285E0-B858-417D-B9AC-AD594CEA5F2D}.Release|Any CPU.Build.0 = Release|Any CPU
		{6A15E673-C76D-449E-92EA-787B45907A7C}.Debug|Any CPU.ActiveCfg = Debug|Any CPU
		{6A15E673-C76D-449E-92EA-787B45907A7C}.Debug|Any CPU.Build.0 = Debug|Any CPU
		{6A15E673-C76D-449E-92EA-787B45907A7C}.Release|Any CPU.ActiveCfg = Release|Any CPU
		{6A15E673-C76D-449E-92EA-787B45907A7C}.Release|Any CPU.Build.0 = Release|Any CPU
		{217FD53C-D976-4E86-AD30-AC6FCA0DFB17}.Debug|Any CPU.ActiveCfg = Debug|Any CPU
		{217FD53C-D976-4E86-AD30-AC6FCA0DFB17}.Debug|Any CPU.Build.0 = Debug|Any CPU
		{217FD53C-D976-4E86-AD30-AC6FCA0DFB17}.Release|Any CPU.ActiveCfg = Release|Any CPU
		{217FD53C-D976-4E86-AD30-AC6FCA0DFB17}.Release|Any CPU.Build.0 = Release|Any CPU
		{D0ACC587-C0A1-4B9D-A099-F222E8DBACB5}.Debug|Any CPU.ActiveCfg = Debug|Any CPU
		{D0ACC587-C0A1-4B9D-A099-F222E8DBACB5}.Debug|Any CPU.Build.0 = Debug|Any CPU
		{D0ACC587-C0A1-4B9D-A099-F222E8DBACB5}.Release|Any CPU.ActiveCfg = Release|Any CPU
		{D0ACC587-C0A1-4B9D-A099-F222E8DBACB5}.Release|Any CPU.Build.0 = Release|Any CPU
		{DB0D5FCD-72CC-43E7-BF82-36BDD66641AB}.Debug|Any CPU.ActiveCfg = Debug|Any CPU
		{DB0D5FCD-72CC-43E7-BF82-36BDD66641AB}.Debug|Any CPU.Build.0 = Debug|Any CPU
		{DB0D5FCD-72CC-43E7-BF82-36BDD66641AB}.Release|Any CPU.ActiveCfg = Release|Any CPU
		{DB0D5FCD-72CC-43E7-BF82-36BDD66641AB}.Release|Any CPU.Build.0 = Release|Any CPU
		{587B04A8-860E-4FA2-B84D-3A710E457159}.Debug|Any CPU.ActiveCfg = Debug|Any CPU
		{587B04A8-860E-4FA2-B84D-3A710E457159}.Debug|Any CPU.Build.0 = Debug|Any CPU
		{587B04A8-860E-4FA2-B84D-3A710E457159}.Release|Any CPU.ActiveCfg = Release|Any CPU
		{587B04A8-860E-4FA2-B84D-3A710E457159}.Release|Any CPU.Build.0 = Release|Any CPU
		{9EC4A05C-A32C-4360-94AF-4FA4D22B2417}.Debug|Any CPU.ActiveCfg = Debug|Any CPU
		{9EC4A05C-A32C-4360-94AF-4FA4D22B2417}.Debug|Any CPU.Build.0 = Debug|Any CPU
		{9EC4A05C-A32C-4360-94AF-4FA4D22B2417}.Release|Any CPU.ActiveCfg = Release|Any CPU
		{9EC4A05C-A32C-4360-94AF-4FA4D22B2417}.Release|Any CPU.Build.0 = Release|Any CPU
		{4EE5CD21-B002-4B6A-9A6C-9E01A693CB41}.Debug|Any CPU.ActiveCfg = Debug|Any CPU
		{4EE5CD21-B002-4B6A-9A6C-9E01A693CB41}.Debug|Any CPU.Build.0 = Debug|Any CPU
		{4EE5CD21-B002-4B6A-9A6C-9E01A693CB41}.Release|Any CPU.ActiveCfg = Release|Any CPU
		{4EE5CD21-B002-4B6A-9A6C-9E01A693CB41}.Release|Any CPU.Build.0 = Release|Any CPU
		{45E55EF6-3C7C-425A-A2D7-06DC58FCE69E}.Debug|Any CPU.ActiveCfg = Debug|Any CPU
		{45E55EF6-3C7C-425A-A2D7-06DC58FCE69E}.Debug|Any CPU.Build.0 = Debug|Any CPU
		{45E55EF6-3C7C-425A-A2D7-06DC58FCE69E}.Release|Any CPU.ActiveCfg = Release|Any CPU
		{45E55EF6-3C7C-425A-A2D7-06DC58FCE69E}.Release|Any CPU.Build.0 = Release|Any CPU
		{34AB0906-4D7F-4062-8520-B680B12EC29D}.Debug|Any CPU.ActiveCfg = Debug|Any CPU
		{34AB0906-4D7F-4062-8520-B680B12EC29D}.Debug|Any CPU.Build.0 = Debug|Any CPU
		{34AB0906-4D7F-4062-8520-B680B12EC29D}.Release|Any CPU.ActiveCfg = Release|Any CPU
		{34AB0906-4D7F-4062-8520-B680B12EC29D}.Release|Any CPU.Build.0 = Release|Any CPU
		{2115C67E-2E3F-449F-BAD9-238C86061D54}.Debug|Any CPU.ActiveCfg = Debug|Any CPU
		{2115C67E-2E3F-449F-BAD9-238C86061D54}.Debug|Any CPU.Build.0 = Debug|Any CPU
		{2115C67E-2E3F-449F-BAD9-238C86061D54}.Release|Any CPU.ActiveCfg = Release|Any CPU
		{2115C67E-2E3F-449F-BAD9-238C86061D54}.Release|Any CPU.Build.0 = Release|Any CPU
		{FBED6104-2892-409D-AE13-3B57E45E30C3}.Debug|Any CPU.ActiveCfg = Debug|Any CPU
		{FBED6104-2892-409D-AE13-3B57E45E30C3}.Debug|Any CPU.Build.0 = Debug|Any CPU
		{FBED6104-2892-409D-AE13-3B57E45E30C3}.Release|Any CPU.ActiveCfg = Release|Any CPU
		{FBED6104-2892-409D-AE13-3B57E45E30C3}.Release|Any CPU.Build.0 = Release|Any CPU
		{3FFB89F2-0475-4025-BB34-1CF4EBA6F0FC}.Debug|Any CPU.ActiveCfg = Debug|Any CPU
		{3FFB89F2-0475-4025-BB34-1CF4EBA6F0FC}.Debug|Any CPU.Build.0 = Debug|Any CPU
		{3FFB89F2-0475-4025-BB34-1CF4EBA6F0FC}.Release|Any CPU.ActiveCfg = Release|Any CPU
		{3FFB89F2-0475-4025-BB34-1CF4EBA6F0FC}.Release|Any CPU.Build.0 = Release|Any CPU
		{7E8886E4-D80B-4BFC-A9B1-450FB47E69B7}.Debug|Any CPU.ActiveCfg = Debug|Any CPU
		{7E8886E4-D80B-4BFC-A9B1-450FB47E69B7}.Debug|Any CPU.Build.0 = Debug|Any CPU
		{7E8886E4-D80B-4BFC-A9B1-450FB47E69B7}.Release|Any CPU.ActiveCfg = Release|Any CPU
		{7E8886E4-D80B-4BFC-A9B1-450FB47E69B7}.Release|Any CPU.Build.0 = Release|Any CPU
		{258C0DB4-7F44-44E6-B3E9-5C4E32FBACD4}.Debug|Any CPU.ActiveCfg = Debug|Any CPU
		{258C0DB4-7F44-44E6-B3E9-5C4E32FBACD4}.Debug|Any CPU.Build.0 = Debug|Any CPU
		{258C0DB4-7F44-44E6-B3E9-5C4E32FBACD4}.Release|Any CPU.ActiveCfg = Release|Any CPU
		{258C0DB4-7F44-44E6-B3E9-5C4E32FBACD4}.Release|Any CPU.Build.0 = Release|Any CPU
		{0DD14B97-4DB0-446A-8603-E213F31DDA36}.Debug|Any CPU.ActiveCfg = Debug|Any CPU
		{0DD14B97-4DB0-446A-8603-E213F31DDA36}.Debug|Any CPU.Build.0 = Debug|Any CPU
		{0DD14B97-4DB0-446A-8603-E213F31DDA36}.Release|Any CPU.ActiveCfg = Release|Any CPU
		{0DD14B97-4DB0-446A-8603-E213F31DDA36}.Release|Any CPU.Build.0 = Release|Any CPU
		{E7CCF9BA-15E7-4EA9-8625-935B6E741637}.Debug|Any CPU.ActiveCfg = Debug|Any CPU
		{E7CCF9BA-15E7-4EA9-8625-935B6E741637}.Debug|Any CPU.Build.0 = Debug|Any CPU
		{E7CCF9BA-15E7-4EA9-8625-935B6E741637}.Release|Any CPU.ActiveCfg = Release|Any CPU
		{E7CCF9BA-15E7-4EA9-8625-935B6E741637}.Release|Any CPU.Build.0 = Release|Any CPU
		{2B0087F6-77B4-4AAA-AE7C-5DF5DCCD331B}.Debug|Any CPU.ActiveCfg = Debug|Any CPU
		{2B0087F6-77B4-4AAA-AE7C-5DF5DCCD331B}.Debug|Any CPU.Build.0 = Debug|Any CPU
		{2B0087F6-77B4-4AAA-AE7C-5DF5DCCD331B}.Release|Any CPU.ActiveCfg = Release|Any CPU
		{2B0087F6-77B4-4AAA-AE7C-5DF5DCCD331B}.Release|Any CPU.Build.0 = Release|Any CPU
		{6A6BEC5E-1E17-4048-811A-E41654D5349D}.Debug|Any CPU.ActiveCfg = Debug|Any CPU
		{6A6BEC5E-1E17-4048-811A-E41654D5349D}.Debug|Any CPU.Build.0 = Debug|Any CPU
		{6A6BEC5E-1E17-4048-811A-E41654D5349D}.Release|Any CPU.ActiveCfg = Release|Any CPU
		{6A6BEC5E-1E17-4048-811A-E41654D5349D}.Release|Any CPU.Build.0 = Release|Any CPU
	EndGlobalSection
	GlobalSection(SolutionProperties) = preSolution
		HideSolutionNode = FALSE
	EndGlobalSection
	GlobalSection(ExtensibilityGlobals) = postSolution
		SolutionGuid = {F32A7DA1-9979-4D42-B881-D433107FC4C6}
	EndGlobalSection
EndGlobal
